
Microsoft Visual Studio Solution File, Format Version 12.00
# Visual Studio Version 17
VisualStudioVersion = 17.14.36429.23 d17.14
MinimumVisualStudioVersion = 10.0.40219.1
Project("{FAE04EC0-301F-11D3-BF4B-00C04F79EFBC}") = "AuthECAPI", "AuthECAPI\AuthECAPI.csproj", "{277BF561-D0B6-4102-A0D1-F7EC61B70810}"
EndProject
Global
	GlobalSection(SolutionConfigurationPlatforms) = preSolution
		Debug|Any CPU = Debug|Any CPU
		Release|Any CPU = Release|Any CPU
	EndGlobalSection
	GlobalSection(ProjectConfigurationPlatforms) = postSolution
		{277BF561-D0B6-4102-A0D1-F7EC61B70810}.Debug|Any CPU.ActiveCfg = Debug|Any CPU
		{277BF561-D0B6-4102-A0D1-F7EC61B70810}.Debug|Any CPU.Build.0 = Debug|Any CPU
		{277BF561-D0B6-4102-A0D1-F7EC61B70810}.Release|Any CPU.ActiveCfg = Release|Any CPU
		{277BF561-D0B6-4102-A0D1-F7EC61B70810}.Release|Any CPU.Build.0 = Release|Any CPU
	EndGlobalSection
	GlobalSection(SolutionProperties) = preSolution
		HideSolutionNode = FALSE
	EndGlobalSection
	GlobalSection(ExtensibilityGlobals) = postSolution
		SolutionGuid = {BBD4D940-B101-4508-9429-1476FF7230AF}
	EndGlobalSection
EndGlobal
